
Microsoft Visual Studio Solution File, Format Version 12.00
# Visual Studio Version 16
VisualStudioVersion = 16.0.30621.155
MinimumVisualStudioVersion = 10.0.40219.1
Project("{FAE04EC0-301F-11D3-BF4B-00C04F79EFBC}") = "ca06", "ca06.csproj", "{E0F9BF9A-E64C-4EC5-A2F4-C4E43BBF40F8}"
EndProject
Global
	GlobalSection(SolutionConfigurationPlatforms) = preSolution
		Debug|Any CPU = Debug|Any CPU
		Release|Any CPU = Release|Any CPU
	EndGlobalSection
	GlobalSection(ProjectConfigurationPlatforms) = postSolution
		{E0F9BF9A-E64C-4EC5-A2F4-C4E43BBF40F8}.Debug|Any CPU.ActiveCfg = Debug|Any CPU
		{E0F9BF9A-E64C-4EC5-A2F4-C4E43BBF40F8}.Debug|Any CPU.Build.0 = Debug|Any CPU
		{E0F9BF9A-E64C-4EC5-A2F4-C4E43BBF40F8}.Release|Any CPU.ActiveCfg = Release|Any CPU
		{E0F9BF9A-E64C-4EC5-A2F4-C4E43BBF40F8}.Release|Any CPU.Build.0 = Release|Any CPU
	EndGlobalSection
	GlobalSection(SolutionProperties) = preSolution
		HideSolutionNode = FALSE
	EndGlobalSection
	GlobalSection(ExtensibilityGlobals) = postSolution
		SolutionGuid = {70F0F16B-B1A4-4543-A559-BCEA184B4BC2}
	EndGlobalSection
EndGlobal
