
Microsoft Visual Studio Solution File, Format Version 12.00
# Visual Studio Version 16
VisualStudioVersion = 16.0.30523.141
MinimumVisualStudioVersion = 10.0.40219.1
Project("{FAE04EC0-301F-11D3-BF4B-00C04F79EFBC}") = "ca02", "ca02\ca02.csproj", "{A83CA2BC-5DB1-4D35-AFA8-2FED6497F138}"
EndProject
Global
	GlobalSection(SolutionConfigurationPlatforms) = preSolution
		Debug|Any CPU = Debug|Any CPU
		Release|Any CPU = Release|Any CPU
	EndGlobalSection
	GlobalSection(ProjectConfigurationPlatforms) = postSolution
		{A83CA2BC-5DB1-4D35-AFA8-2FED6497F138}.Debug|Any CPU.ActiveCfg = Debug|Any CPU
		{A83CA2BC-5DB1-4D35-AFA8-2FED6497F138}.Debug|Any CPU.Build.0 = Debug|Any CPU
		{A83CA2BC-5DB1-4D35-AFA8-2FED6497F138}.Release|Any CPU.ActiveCfg = Release|Any CPU
		{A83CA2BC-5DB1-4D35-AFA8-2FED6497F138}.Release|Any CPU.Build.0 = Release|Any CPU
	EndGlobalSection
	GlobalSection(SolutionProperties) = preSolution
		HideSolutionNode = FALSE
	EndGlobalSection
	GlobalSection(ExtensibilityGlobals) = postSolution
		SolutionGuid = {446E6D35-3C1C-4E99-947A-17FA77BC9563}
	EndGlobalSection
EndGlobal
